
Microsoft Visual Studio Solution File, Format Version 12.00
# Visual Studio Version 16
VisualStudioVersion = 16.0.29911.84
MinimumVisualStudioVersion = 10.0.40219.1
Project("{9A19103F-16F7-4668-BE54-9A1E7A4F7556}") = "MusicLibrary.DiscPreprocessor", "Sources\MusicLibrary.DiscPreprocessor\MusicLibrary.DiscPreprocessor.csproj", "{B977EA7B-85A2-429A-B98F-E76023589321}"
EndProject
Project("{9A19103F-16F7-4668-BE54-9A1E7A4F7556}") = "MusicLibrary.PandaPlayer", "Sources\MusicLibrary.PandaPlayer\MusicLibrary.PandaPlayer.csproj", "{502D59CA-7973-46C9-A2A4-9144C48CBEE4}"
EndProject
Project("{9A19103F-16F7-4668-BE54-9A1E7A4F7556}") = "MusicLibrary.LastFM", "Sources\MusicLibrary.LastFM\MusicLibrary.LastFM.csproj", "{7F368759-572F-41D4-A7FF-1B3898AE3918}"
EndProject
Project("{9A19103F-16F7-4668-BE54-9A1E7A4F7556}") = "MusicLibrary.LibraryChecker", "Sources\MusicLibrary.LibraryChecker\MusicLibrary.LibraryChecker.csproj", "{72458EFF-83E3-4907-8161-5401AA303D93}"
EndProject
Project("{9A19103F-16F7-4668-BE54-9A1E7A4F7556}") = "MusicLibrary.Tagger", "Sources\MusicLibrary.Tagger\MusicLibrary.Tagger.csproj", "{931CDE55-D545-47AF-B525-06AB15E74C3E}"
EndProject
Project("{9A19103F-16F7-4668-BE54-9A1E7A4F7556}") = "MusicLibrary.LibraryToolkit", "Sources\MusicLibrary.LibraryToolkit\MusicLibrary.LibraryToolkit.csproj", "{59585C20-BE78-4A26-943F-5DE4F7C9E045}"
EndProject
Project("{2150E333-8FDC-42A3-9474-1A3956D46DE8}") = "Sources", "Sources", "{FB5F9ECA-507D-4FB6-BCD7-80B90A3DD2D6}"
EndProject
Project("{2150E333-8FDC-42A3-9474-1A3956D46DE8}") = "Tests", "Tests", "{EE527A89-5ED8-4502-9785-A7A481C4F971}"
EndProject
Project("{9A19103F-16F7-4668-BE54-9A1E7A4F7556}") = "MusicLibrary.Common.Tests", "Tests\MusicLibrary.Common.Tests\MusicLibrary.Common.Tests.csproj", "{0C444E59-01BE-4B09-A0C8-75186F8481CB}"
EndProject
Project("{9A19103F-16F7-4668-BE54-9A1E7A4F7556}") = "MusicLibrary.Core.Tests", "Tests\MusicLibrary.Core.Tests\MusicLibrary.Core.Tests.csproj", "{8AE136C6-6404-4692-AC32-6908EA4F9CF2}"
EndProject
Project("{9A19103F-16F7-4668-BE54-9A1E7A4F7556}") = "MusicLibrary.DiscPreprocessor.Tests", "Tests\MusicLibrary.DiscPreprocessor.Tests\MusicLibrary.DiscPreprocessor.Tests.csproj", "{B22B7E10-307A-4D05-B656-80457C922BEF}"
EndProject
Project("{9A19103F-16F7-4668-BE54-9A1E7A4F7556}") = "MusicLibrary.IntegrationTests", "Tests\MusicLibrary.IntegrationTests\MusicLibrary.IntegrationTests.csproj", "{91576519-B828-4930-894B-17A1B8F13257}"
EndProject
Project("{9A19103F-16F7-4668-BE54-9A1E7A4F7556}") = "MusicLibrary.LastFM.Tests", "Tests\MusicLibrary.LastFM.Tests\MusicLibrary.LastFM.Tests.csproj", "{8E9272FC-0978-42B0-A1B7-8DEC4534724C}"
EndProject
Project("{9A19103F-16F7-4668-BE54-9A1E7A4F7556}") = "MusicLibrary.Library.Tests", "Tests\MusicLibrary.Library.Tests\MusicLibrary.Library.Tests.csproj", "{A48A1FC0-CA25-4DFC-AD17-547DA9A142F9}"
EndProject
Project("{9A19103F-16F7-4668-BE54-9A1E7A4F7556}") = "MusicLibrary.PandaPlayer.Tests", "Tests\MusicLibrary.PandaPlayer.Tests\MusicLibrary.PandaPlayer.Tests.csproj", "{35E9AAA7-C4D5-4A83-A5D8-036C9FFB58A5}"
EndProject
Project("{9A19103F-16F7-4668-BE54-9A1E7A4F7556}") = "MusicLibrary.LibraryChecker.Tests", "Tests\MusicLibrary.LibraryChecker.Tests\MusicLibrary.LibraryChecker.Tests.csproj", "{65A8921E-54D4-4E26-ADA9-42EC138B044C}"
EndProject
Project("{9A19103F-16F7-4668-BE54-9A1E7A4F7556}") = "MusicLibrary.LibraryToolkit.Tests", "Tests\MusicLibrary.LibraryToolkit.Tests\MusicLibrary.LibraryToolkit.Tests.csproj", "{B849DE9E-CDBA-4AF4-8614-9926FF1C4320}"
EndProject
Project("{2150E333-8FDC-42A3-9474-1A3956D46DE8}") = "Solution Items", "Solution Items", "{3A067007-9BD3-4EF3-ADA9-68A04CEED64B}"
	ProjectSection(SolutionItems) = preProject
		MusicLibrary.props = MusicLibrary.props
		MusicLibrary.Sources.ruleset = MusicLibrary.Sources.ruleset
		MusicLibrary.Tests.ruleset = MusicLibrary.Tests.ruleset
	EndProjectSection
EndProject
Project("{9A19103F-16F7-4668-BE54-9A1E7A4F7556}") = "MusicLibrary.Dal.LocalDb", "Sources\MusicLibrary.Dal.LocalDb\MusicLibrary.Dal.LocalDb.csproj", "{510E3C70-2733-4586-AA0F-8689C9A88313}"
EndProject
Project("{9A19103F-16F7-4668-BE54-9A1E7A4F7556}") = "MusicLibrary.Core", "Sources\MusicLibrary.Core\MusicLibrary.Core.csproj", "{0B14C9B2-DC6D-4253-8CB2-5B0958142B0B}"
EndProject
Project("{9A19103F-16F7-4668-BE54-9A1E7A4F7556}") = "MusicLibrary.Core.Obsolete", "Sources\MusicLibrary.Core.Obsolete\MusicLibrary.Core.Obsolete.csproj", "{147AE6D3-297C-45F1-99E8-CE55ECF55CFC}"
EndProject
Project("{9A19103F-16F7-4668-BE54-9A1E7A4F7556}") = "MusicLibrary.Shared", "Sources\MusicLibrary.Shared\MusicLibrary.Shared.csproj", "{D5035D5D-E0B5-4781-8847-62E722D9CAB3}"
EndProject
Global
	GlobalSection(SolutionConfigurationPlatforms) = preSolution
		Debug|Any CPU = Debug|Any CPU
		Release|Any CPU = Release|Any CPU
	EndGlobalSection
	GlobalSection(ProjectConfigurationPlatforms) = postSolution
		{B977EA7B-85A2-429A-B98F-E76023589321}.Debug|Any CPU.ActiveCfg = Debug|Any CPU
		{B977EA7B-85A2-429A-B98F-E76023589321}.Debug|Any CPU.Build.0 = Debug|Any CPU
		{B977EA7B-85A2-429A-B98F-E76023589321}.Release|Any CPU.ActiveCfg = Release|Any CPU
		{B977EA7B-85A2-429A-B98F-E76023589321}.Release|Any CPU.Build.0 = Release|Any CPU
		{502D59CA-7973-46C9-A2A4-9144C48CBEE4}.Debug|Any CPU.ActiveCfg = Debug|Any CPU
		{502D59CA-7973-46C9-A2A4-9144C48CBEE4}.Debug|Any CPU.Build.0 = Debug|Any CPU
		{502D59CA-7973-46C9-A2A4-9144C48CBEE4}.Release|Any CPU.ActiveCfg = Release|Any CPU
		{502D59CA-7973-46C9-A2A4-9144C48CBEE4}.Release|Any CPU.Build.0 = Release|Any CPU
		{7F368759-572F-41D4-A7FF-1B3898AE3918}.Debug|Any CPU.ActiveCfg = Debug|Any CPU
		{7F368759-572F-41D4-A7FF-1B3898AE3918}.Debug|Any CPU.Build.0 = Debug|Any CPU
		{7F368759-572F-41D4-A7FF-1B3898AE3918}.Release|Any CPU.ActiveCfg = Release|Any CPU
		{7F368759-572F-41D4-A7FF-1B3898AE3918}.Release|Any CPU.Build.0 = Release|Any CPU
		{72458EFF-83E3-4907-8161-5401AA303D93}.Debug|Any CPU.ActiveCfg = Debug|Any CPU
		{72458EFF-83E3-4907-8161-5401AA303D93}.Debug|Any CPU.Build.0 = Debug|Any CPU
		{72458EFF-83E3-4907-8161-5401AA303D93}.Release|Any CPU.ActiveCfg = Release|Any CPU
		{72458EFF-83E3-4907-8161-5401AA303D93}.Release|Any CPU.Build.0 = Release|Any CPU
		{931CDE55-D545-47AF-B525-06AB15E74C3E}.Debug|Any CPU.ActiveCfg = Debug|Any CPU
		{931CDE55-D545-47AF-B525-06AB15E74C3E}.Debug|Any CPU.Build.0 = Debug|Any CPU
		{931CDE55-D545-47AF-B525-06AB15E74C3E}.Release|Any CPU.ActiveCfg = Release|Any CPU
		{931CDE55-D545-47AF-B525-06AB15E74C3E}.Release|Any CPU.Build.0 = Release|Any CPU
		{59585C20-BE78-4A26-943F-5DE4F7C9E045}.Debug|Any CPU.ActiveCfg = Debug|Any CPU
		{59585C20-BE78-4A26-943F-5DE4F7C9E045}.Debug|Any CPU.Build.0 = Debug|Any CPU
		{59585C20-BE78-4A26-943F-5DE4F7C9E045}.Release|Any CPU.ActiveCfg = Release|Any CPU
		{59585C20-BE78-4A26-943F-5DE4F7C9E045}.Release|Any CPU.Build.0 = Release|Any CPU
		{0C444E59-01BE-4B09-A0C8-75186F8481CB}.Debug|Any CPU.ActiveCfg = Debug|Any CPU
		{0C444E59-01BE-4B09-A0C8-75186F8481CB}.Debug|Any CPU.Build.0 = Debug|Any CPU
		{0C444E59-01BE-4B09-A0C8-75186F8481CB}.Release|Any CPU.ActiveCfg = Release|Any CPU
		{0C444E59-01BE-4B09-A0C8-75186F8481CB}.Release|Any CPU.Build.0 = Release|Any CPU
		{8AE136C6-6404-4692-AC32-6908EA4F9CF2}.Debug|Any CPU.ActiveCfg = Debug|Any CPU
		{8AE136C6-6404-4692-AC32-6908EA4F9CF2}.Debug|Any CPU.Build.0 = Debug|Any CPU
		{8AE136C6-6404-4692-AC32-6908EA4F9CF2}.Release|Any CPU.ActiveCfg = Release|Any CPU
		{8AE136C6-6404-4692-AC32-6908EA4F9CF2}.Release|Any CPU.Build.0 = Release|Any CPU
		{B22B7E10-307A-4D05-B656-80457C922BEF}.Debug|Any CPU.ActiveCfg = Debug|Any CPU
		{B22B7E10-307A-4D05-B656-80457C922BEF}.Debug|Any CPU.Build.0 = Debug|Any CPU
		{B22B7E10-307A-4D05-B656-80457C922BEF}.Release|Any CPU.ActiveCfg = Release|Any CPU
		{B22B7E10-307A-4D05-B656-80457C922BEF}.Release|Any CPU.Build.0 = Release|Any CPU
		{91576519-B828-4930-894B-17A1B8F13257}.Debug|Any CPU.ActiveCfg = Debug|Any CPU
		{91576519-B828-4930-894B-17A1B8F13257}.Debug|Any CPU.Build.0 = Debug|Any CPU
		{91576519-B828-4930-894B-17A1B8F13257}.Release|Any CPU.ActiveCfg = Release|Any CPU
		{91576519-B828-4930-894B-17A1B8F13257}.Release|Any CPU.Build.0 = Release|Any CPU
		{8E9272FC-0978-42B0-A1B7-8DEC4534724C}.Debug|Any CPU.ActiveCfg = Debug|Any CPU
		{8E9272FC-0978-42B0-A1B7-8DEC4534724C}.Debug|Any CPU.Build.0 = Debug|Any CPU
		{8E9272FC-0978-42B0-A1B7-8DEC4534724C}.Release|Any CPU.ActiveCfg = Release|Any CPU
		{8E9272FC-0978-42B0-A1B7-8DEC4534724C}.Release|Any CPU.Build.0 = Release|Any CPU
		{A48A1FC0-CA25-4DFC-AD17-547DA9A142F9}.Debug|Any CPU.ActiveCfg = Debug|Any CPU
		{A48A1FC0-CA25-4DFC-AD17-547DA9A142F9}.Debug|Any CPU.Build.0 = Debug|Any CPU
		{A48A1FC0-CA25-4DFC-AD17-547DA9A142F9}.Release|Any CPU.ActiveCfg = Release|Any CPU
		{A48A1FC0-CA25-4DFC-AD17-547DA9A142F9}.Release|Any CPU.Build.0 = Release|Any CPU
		{35E9AAA7-C4D5-4A83-A5D8-036C9FFB58A5}.Debug|Any CPU.ActiveCfg = Debug|Any CPU
		{35E9AAA7-C4D5-4A83-A5D8-036C9FFB58A5}.Debug|Any CPU.Build.0 = Debug|Any CPU
		{35E9AAA7-C4D5-4A83-A5D8-036C9FFB58A5}.Release|Any CPU.ActiveCfg = Release|Any CPU
		{35E9AAA7-C4D5-4A83-A5D8-036C9FFB58A5}.Release|Any CPU.Build.0 = Release|Any CPU
		{65A8921E-54D4-4E26-ADA9-42EC138B044C}.Debug|Any CPU.ActiveCfg = Debug|Any CPU
		{65A8921E-54D4-4E26-ADA9-42EC138B044C}.Debug|Any CPU.Build.0 = Debug|Any CPU
		{65A8921E-54D4-4E26-ADA9-42EC138B044C}.Release|Any CPU.ActiveCfg = Release|Any CPU
		{65A8921E-54D4-4E26-ADA9-42EC138B044C}.Release|Any CPU.Build.0 = Release|Any CPU
		{B849DE9E-CDBA-4AF4-8614-9926FF1C4320}.Debug|Any CPU.ActiveCfg = Debug|Any CPU
		{B849DE9E-CDBA-4AF4-8614-9926FF1C4320}.Debug|Any CPU.Build.0 = Debug|Any CPU
		{B849DE9E-CDBA-4AF4-8614-9926FF1C4320}.Release|Any CPU.ActiveCfg = Release|Any CPU
		{B849DE9E-CDBA-4AF4-8614-9926FF1C4320}.Release|Any CPU.Build.0 = Release|Any CPU
		{510E3C70-2733-4586-AA0F-8689C9A88313}.Debug|Any CPU.ActiveCfg = Debug|Any CPU
		{510E3C70-2733-4586-AA0F-8689C9A88313}.Debug|Any CPU.Build.0 = Debug|Any CPU
		{510E3C70-2733-4586-AA0F-8689C9A88313}.Release|Any CPU.ActiveCfg = Release|Any CPU
		{510E3C70-2733-4586-AA0F-8689C9A88313}.Release|Any CPU.Build.0 = Release|Any CPU
		{0B14C9B2-DC6D-4253-8CB2-5B0958142B0B}.Debug|Any CPU.ActiveCfg = Debug|Any CPU
		{0B14C9B2-DC6D-4253-8CB2-5B0958142B0B}.Debug|Any CPU.Build.0 = Debug|Any CPU
		{0B14C9B2-DC6D-4253-8CB2-5B0958142B0B}.Release|Any CPU.ActiveCfg = Release|Any CPU
		{0B14C9B2-DC6D-4253-8CB2-5B0958142B0B}.Release|Any CPU.Build.0 = Release|Any CPU
		{147AE6D3-297C-45F1-99E8-CE55ECF55CFC}.Debug|Any CPU.ActiveCfg = Debug|Any CPU
		{147AE6D3-297C-45F1-99E8-CE55ECF55CFC}.Debug|Any CPU.Build.0 = Debug|Any CPU
		{147AE6D3-297C-45F1-99E8-CE55ECF55CFC}.Release|Any CPU.ActiveCfg = Release|Any CPU
		{147AE6D3-297C-45F1-99E8-CE55ECF55CFC}.Release|Any CPU.Build.0 = Release|Any CPU
		{D5035D5D-E0B5-4781-8847-62E722D9CAB3}.Debug|Any CPU.ActiveCfg = Debug|Any CPU
		{D5035D5D-E0B5-4781-8847-62E722D9CAB3}.Debug|Any CPU.Build.0 = Debug|Any CPU
		{D5035D5D-E0B5-4781-8847-62E722D9CAB3}.Release|Any CPU.ActiveCfg = Release|Any CPU
		{D5035D5D-E0B5-4781-8847-62E722D9CAB3}.Release|Any CPU.Build.0 = Release|Any CPU
	EndGlobalSection
	GlobalSection(SolutionProperties) = preSolution
		HideSolutionNode = FALSE
	EndGlobalSection
	GlobalSection(NestedProjects) = preSolution
		{B977EA7B-85A2-429A-B98F-E76023589321} = {FB5F9ECA-507D-4FB6-BCD7-80B90A3DD2D6}
		{502D59CA-7973-46C9-A2A4-9144C48CBEE4} = {FB5F9ECA-507D-4FB6-BCD7-80B90A3DD2D6}
		{7F368759-572F-41D4-A7FF-1B3898AE3918} = {FB5F9ECA-507D-4FB6-BCD7-80B90A3DD2D6}
		{72458EFF-83E3-4907-8161-5401AA303D93} = {FB5F9ECA-507D-4FB6-BCD7-80B90A3DD2D6}
		{931CDE55-D545-47AF-B525-06AB15E74C3E} = {FB5F9ECA-507D-4FB6-BCD7-80B90A3DD2D6}
		{59585C20-BE78-4A26-943F-5DE4F7C9E045} = {FB5F9ECA-507D-4FB6-BCD7-80B90A3DD2D6}
		{0C444E59-01BE-4B09-A0C8-75186F8481CB} = {EE527A89-5ED8-4502-9785-A7A481C4F971}
		{8AE136C6-6404-4692-AC32-6908EA4F9CF2} = {EE527A89-5ED8-4502-9785-A7A481C4F971}
		{B22B7E10-307A-4D05-B656-80457C922BEF} = {EE527A89-5ED8-4502-9785-A7A481C4F971}
		{91576519-B828-4930-894B-17A1B8F13257} = {EE527A89-5ED8-4502-9785-A7A481C4F971}
		{8E9272FC-0978-42B0-A1B7-8DEC4534724C} = {EE527A89-5ED8-4502-9785-A7A481C4F971}
		{A48A1FC0-CA25-4DFC-AD17-547DA9A142F9} = {EE527A89-5ED8-4502-9785-A7A481C4F971}
		{35E9AAA7-C4D5-4A83-A5D8-036C9FFB58A5} = {EE527A89-5ED8-4502-9785-A7A481C4F971}
		{65A8921E-54D4-4E26-ADA9-42EC138B044C} = {EE527A89-5ED8-4502-9785-A7A481C4F971}
		{B849DE9E-CDBA-4AF4-8614-9926FF1C4320} = {EE527A89-5ED8-4502-9785-A7A481C4F971}
		{510E3C70-2733-4586-AA0F-8689C9A88313} = {FB5F9ECA-507D-4FB6-BCD7-80B90A3DD2D6}
		{0B14C9B2-DC6D-4253-8CB2-5B0958142B0B} = {FB5F9ECA-507D-4FB6-BCD7-80B90A3DD2D6}
		{147AE6D3-297C-45F1-99E8-CE55ECF55CFC} = {FB5F9ECA-507D-4FB6-BCD7-80B90A3DD2D6}
		{D5035D5D-E0B5-4781-8847-62E722D9CAB3} = {FB5F9ECA-507D-4FB6-BCD7-80B90A3DD2D6}
	EndGlobalSection
	GlobalSection(ExtensibilityGlobals) = postSolution
		SolutionGuid = {8FAD434A-F2AF-4138-AB70-749D7D8D4C9D}
	EndGlobalSection
EndGlobal
