
Microsoft Visual Studio Solution File, Format Version 12.00
# Visual Studio 14
VisualStudioVersion = 14.0.25123.0
MinimumVisualStudioVersion = 10.0.40219.1
Project("{FAE04EC0-301F-11D3-BF4B-00C04F79EFBC}") = "CF.MusicLibrary.Core", "CF.MusicLibrary.Core\CF.MusicLibrary.Core.csproj", "{A7C549D0-0D6C-4B3B-82F6-23894CE00CA9}"
EndProject
Project("{FAE04EC0-301F-11D3-BF4B-00C04F79EFBC}") = "CF.MusicLibrary.DiscPreprocessor", "CF.MusicLibrary.DiscPreprocessor\CF.MusicLibrary.DiscPreprocessor.csproj", "{B977EA7B-85A2-429A-B98F-E76023589321}"
EndProject
Project("{FAE04EC0-301F-11D3-BF4B-00C04F79EFBC}") = "CF.MusicLibrary.UnitTests", "CF.MusicLibrary.UnitTests\CF.MusicLibrary.UnitTests.csproj", "{917EE041-0D0D-4468-A08E-23E8A4D4D648}"
EndProject
Project("{FAE04EC0-301F-11D3-BF4B-00C04F79EFBC}") = "CF.MusicLibrary.IntegrationTests", "CF.MusicLibrary.IntegrationTests\CF.MusicLibrary.IntegrationTests.csproj", "{E850CC4C-3865-4C07-8B6C-AA22061BDD9B}"
EndProject
Project("{FAE04EC0-301F-11D3-BF4B-00C04F79EFBC}") = "Deploy", "Deploy\Deploy.csproj", "{DAD016BF-AD20-44A1-9017-194A9D18538C}"
EndProject
Project("{FAE04EC0-301F-11D3-BF4B-00C04F79EFBC}") = "CF.MusicLibrary.PandaPlayer", "CF.MusicLibrary.PandaPlayer\CF.MusicLibrary.PandaPlayer.csproj", "{502D59CA-7973-46C9-A2A4-9144C48CBEE4}"
EndProject
Project("{FAE04EC0-301F-11D3-BF4B-00C04F79EFBC}") = "CF.MusicLibrary.Dal", "CF.MusicLibrary.Dal\CF.MusicLibrary.Dal.csproj", "{83AD3795-4E4A-4D32-BE5B-9D68287EF586}"
EndProject
Project("{FAE04EC0-301F-11D3-BF4B-00C04F79EFBC}") = "CF.MusicLibrary.LastFM", "CF.MusicLibrary.LastFM\CF.MusicLibrary.LastFM.csproj", "{7F368759-572F-41D4-A7FF-1B3898AE3918}"
EndProject
Project("{FAE04EC0-301F-11D3-BF4B-00C04F79EFBC}") = "CF.MusicLibrary.LibraryChecker", "CF.MusicLibrary.LibraryChecker\CF.MusicLibrary.LibraryChecker.csproj", "{72458EFF-83E3-4907-8161-5401AA303D93}"
EndProject
Project("{FAE04EC0-301F-11D3-BF4B-00C04F79EFBC}") = "CF.MusicLibrary.Tagger", "CF.MusicLibrary.Tagger\CF.MusicLibrary.Tagger.csproj", "{931CDE55-D545-47AF-B525-06AB15E74C3E}"
EndProject
Project("{FAE04EC0-301F-11D3-BF4B-00C04F79EFBC}") = "CF.MusicLibrary.Local", "CF.MusicLibrary.Local\CF.MusicLibrary.Local.csproj", "{378157BA-2DA4-4E39-8AFD-59CED35B9B1F}"
EndProject
Project("{FAE04EC0-301F-11D3-BF4B-00C04F79EFBC}") = "CF.MusicLibrary.Universal", "CF.MusicLibrary.Universal\CF.MusicLibrary.Universal.csproj", "{C82EEE4A-B797-40A5-B733-34DF2DA02A85}"
EndProject
Project("{FAE04EC0-301F-11D3-BF4B-00C04F79EFBC}") = "CF.MusicLibrary.LibraryToolkit", "CF.MusicLibrary.LibraryToolkit\CF.MusicLibrary.LibraryToolkit.csproj", "{59585C20-BE78-4A26-943F-5DE4F7C9E045}"
EndProject
Project("{FAE04EC0-301F-11D3-BF4B-00C04F79EFBC}") = "CF.MusicLibrary.Common", "CF.MusicLibrary.Common\CF.MusicLibrary.Common.csproj", "{5501311F-CBCD-40B3-95F4-F28D521E6EC5}"
EndProject
Project("{FAE04EC0-301F-11D3-BF4B-00C04F79EFBC}") = "CF.MusicLibrary.Library", "CF.MusicLibrary.Library\CF.MusicLibrary.Library.csproj", "{E27630AC-2F6F-4F2C-BFBF-3663F2C18F9C}"
EndProject
Global
	GlobalSection(SolutionConfigurationPlatforms) = preSolution
		Debug|Any CPU = Debug|Any CPU
		Release|Any CPU = Release|Any CPU
	EndGlobalSection
	GlobalSection(ProjectConfigurationPlatforms) = postSolution
		{A7C549D0-0D6C-4B3B-82F6-23894CE00CA9}.Debug|Any CPU.ActiveCfg = Debug|Any CPU
		{A7C549D0-0D6C-4B3B-82F6-23894CE00CA9}.Debug|Any CPU.Build.0 = Debug|Any CPU
		{A7C549D0-0D6C-4B3B-82F6-23894CE00CA9}.Release|Any CPU.ActiveCfg = Release|Any CPU
		{A7C549D0-0D6C-4B3B-82F6-23894CE00CA9}.Release|Any CPU.Build.0 = Release|Any CPU
		{B977EA7B-85A2-429A-B98F-E76023589321}.Debug|Any CPU.ActiveCfg = Debug|Any CPU
		{B977EA7B-85A2-429A-B98F-E76023589321}.Debug|Any CPU.Build.0 = Debug|Any CPU
		{B977EA7B-85A2-429A-B98F-E76023589321}.Release|Any CPU.ActiveCfg = Release|Any CPU
		{B977EA7B-85A2-429A-B98F-E76023589321}.Release|Any CPU.Build.0 = Release|Any CPU
		{917EE041-0D0D-4468-A08E-23E8A4D4D648}.Debug|Any CPU.ActiveCfg = Debug|Any CPU
		{917EE041-0D0D-4468-A08E-23E8A4D4D648}.Debug|Any CPU.Build.0 = Debug|Any CPU
		{917EE041-0D0D-4468-A08E-23E8A4D4D648}.Release|Any CPU.ActiveCfg = Release|Any CPU
		{917EE041-0D0D-4468-A08E-23E8A4D4D648}.Release|Any CPU.Build.0 = Release|Any CPU
		{E850CC4C-3865-4C07-8B6C-AA22061BDD9B}.Debug|Any CPU.ActiveCfg = Debug|Any CPU
		{E850CC4C-3865-4C07-8B6C-AA22061BDD9B}.Debug|Any CPU.Build.0 = Debug|Any CPU
		{E850CC4C-3865-4C07-8B6C-AA22061BDD9B}.Release|Any CPU.ActiveCfg = Release|Any CPU
		{E850CC4C-3865-4C07-8B6C-AA22061BDD9B}.Release|Any CPU.Build.0 = Release|Any CPU
		{DAD016BF-AD20-44A1-9017-194A9D18538C}.Debug|Any CPU.ActiveCfg = Release|Any CPU
		{DAD016BF-AD20-44A1-9017-194A9D18538C}.Release|Any CPU.ActiveCfg = Release|Any CPU
		{502D59CA-7973-46C9-A2A4-9144C48CBEE4}.Debug|Any CPU.ActiveCfg = Debug|Any CPU
		{502D59CA-7973-46C9-A2A4-9144C48CBEE4}.Debug|Any CPU.Build.0 = Debug|Any CPU
		{502D59CA-7973-46C9-A2A4-9144C48CBEE4}.Release|Any CPU.ActiveCfg = Release|Any CPU
		{502D59CA-7973-46C9-A2A4-9144C48CBEE4}.Release|Any CPU.Build.0 = Release|Any CPU
		{83AD3795-4E4A-4D32-BE5B-9D68287EF586}.Debug|Any CPU.ActiveCfg = Debug|Any CPU
		{83AD3795-4E4A-4D32-BE5B-9D68287EF586}.Debug|Any CPU.Build.0 = Debug|Any CPU
		{83AD3795-4E4A-4D32-BE5B-9D68287EF586}.Release|Any CPU.ActiveCfg = Release|Any CPU
		{83AD3795-4E4A-4D32-BE5B-9D68287EF586}.Release|Any CPU.Build.0 = Release|Any CPU
		{7F368759-572F-41D4-A7FF-1B3898AE3918}.Debug|Any CPU.ActiveCfg = Debug|Any CPU
		{7F368759-572F-41D4-A7FF-1B3898AE3918}.Debug|Any CPU.Build.0 = Debug|Any CPU
		{7F368759-572F-41D4-A7FF-1B3898AE3918}.Release|Any CPU.ActiveCfg = Release|Any CPU
		{7F368759-572F-41D4-A7FF-1B3898AE3918}.Release|Any CPU.Build.0 = Release|Any CPU
		{72458EFF-83E3-4907-8161-5401AA303D93}.Debug|Any CPU.ActiveCfg = Debug|Any CPU
		{72458EFF-83E3-4907-8161-5401AA303D93}.Debug|Any CPU.Build.0 = Debug|Any CPU
		{72458EFF-83E3-4907-8161-5401AA303D93}.Release|Any CPU.ActiveCfg = Release|Any CPU
		{72458EFF-83E3-4907-8161-5401AA303D93}.Release|Any CPU.Build.0 = Release|Any CPU
		{931CDE55-D545-47AF-B525-06AB15E74C3E}.Debug|Any CPU.ActiveCfg = Debug|Any CPU
		{931CDE55-D545-47AF-B525-06AB15E74C3E}.Debug|Any CPU.Build.0 = Debug|Any CPU
		{931CDE55-D545-47AF-B525-06AB15E74C3E}.Release|Any CPU.ActiveCfg = Release|Any CPU
		{931CDE55-D545-47AF-B525-06AB15E74C3E}.Release|Any CPU.Build.0 = Release|Any CPU
		{378157BA-2DA4-4E39-8AFD-59CED35B9B1F}.Debug|Any CPU.ActiveCfg = Debug|Any CPU
		{378157BA-2DA4-4E39-8AFD-59CED35B9B1F}.Debug|Any CPU.Build.0 = Debug|Any CPU
		{378157BA-2DA4-4E39-8AFD-59CED35B9B1F}.Release|Any CPU.ActiveCfg = Release|Any CPU
		{378157BA-2DA4-4E39-8AFD-59CED35B9B1F}.Release|Any CPU.Build.0 = Release|Any CPU
		{C82EEE4A-B797-40A5-B733-34DF2DA02A85}.Debug|Any CPU.ActiveCfg = Debug|Any CPU
		{C82EEE4A-B797-40A5-B733-34DF2DA02A85}.Debug|Any CPU.Build.0 = Debug|Any CPU
		{C82EEE4A-B797-40A5-B733-34DF2DA02A85}.Release|Any CPU.ActiveCfg = Release|Any CPU
		{C82EEE4A-B797-40A5-B733-34DF2DA02A85}.Release|Any CPU.Build.0 = Release|Any CPU
		{59585C20-BE78-4A26-943F-5DE4F7C9E045}.Debug|Any CPU.ActiveCfg = Debug|Any CPU
		{59585C20-BE78-4A26-943F-5DE4F7C9E045}.Debug|Any CPU.Build.0 = Debug|Any CPU
		{59585C20-BE78-4A26-943F-5DE4F7C9E045}.Release|Any CPU.ActiveCfg = Release|Any CPU
		{59585C20-BE78-4A26-943F-5DE4F7C9E045}.Release|Any CPU.Build.0 = Release|Any CPU
		{5501311F-CBCD-40B3-95F4-F28D521E6EC5}.Debug|Any CPU.ActiveCfg = Debug|Any CPU
		{5501311F-CBCD-40B3-95F4-F28D521E6EC5}.Debug|Any CPU.Build.0 = Debug|Any CPU
		{5501311F-CBCD-40B3-95F4-F28D521E6EC5}.Release|Any CPU.ActiveCfg = Release|Any CPU
		{5501311F-CBCD-40B3-95F4-F28D521E6EC5}.Release|Any CPU.Build.0 = Release|Any CPU
		{E27630AC-2F6F-4F2C-BFBF-3663F2C18F9C}.Debug|Any CPU.ActiveCfg = Debug|Any CPU
		{E27630AC-2F6F-4F2C-BFBF-3663F2C18F9C}.Debug|Any CPU.Build.0 = Debug|Any CPU
		{E27630AC-2F6F-4F2C-BFBF-3663F2C18F9C}.Release|Any CPU.ActiveCfg = Release|Any CPU
		{E27630AC-2F6F-4F2C-BFBF-3663F2C18F9C}.Release|Any CPU.Build.0 = Release|Any CPU
	EndGlobalSection
	GlobalSection(SolutionProperties) = preSolution
		HideSolutionNode = FALSE
	EndGlobalSection
EndGlobal
