
Microsoft Visual Studio Solution File, Format Version 12.00
# Visual Studio Version 17
VisualStudioVersion = 17.0.32112.339
MinimumVisualStudioVersion = 10.0.40219.1
Project("{9A19103F-16F7-4668-BE54-9A1E7A4F7556}") = "PandaPlayer", "src\PandaPlayer\PandaPlayer.csproj", "{502D59CA-7973-46C9-A2A4-9144C48CBEE4}"
EndProject
Project("{9A19103F-16F7-4668-BE54-9A1E7A4F7556}") = "PandaPlayer.LastFM", "src\PandaPlayer.LastFM\PandaPlayer.LastFM.csproj", "{7F368759-572F-41D4-A7FF-1B3898AE3918}"
EndProject
Project("{2150E333-8FDC-42A3-9474-1A3956D46DE8}") = "src", "src", "{FB5F9ECA-507D-4FB6-BCD7-80B90A3DD2D6}"
EndProject
Project("{2150E333-8FDC-42A3-9474-1A3956D46DE8}") = "tests", "tests", "{EE527A89-5ED8-4502-9785-A7A481C4F971}"
EndProject
Project("{9A19103F-16F7-4668-BE54-9A1E7A4F7556}") = "PandaPlayer.LastFM.UnitTests", "tests\PandaPlayer.LastFM.UnitTests\PandaPlayer.LastFM.UnitTests.csproj", "{8E9272FC-0978-42B0-A1B7-8DEC4534724C}"
EndProject
Project("{2150E333-8FDC-42A3-9474-1A3956D46DE8}") = "Solution Items", "Solution Items", "{3A067007-9BD3-4EF3-ADA9-68A04CEED64B}"
	ProjectSection(SolutionItems) = preProject
		CHANGELOG.md = CHANGELOG.md
		PandaPlayer.props = PandaPlayer.props
		PandaPlayer.src.props = PandaPlayer.src.props
		PandaPlayer.tests.props = PandaPlayer.tests.props
	EndProjectSection
EndProject
Project("{9A19103F-16F7-4668-BE54-9A1E7A4F7556}") = "PandaPlayer.Dal.LocalDb", "src\PandaPlayer.Dal.LocalDb\PandaPlayer.Dal.LocalDb.csproj", "{510E3C70-2733-4586-AA0F-8689C9A88313}"
EndProject
Project("{9A19103F-16F7-4668-BE54-9A1E7A4F7556}") = "PandaPlayer.Core", "src\PandaPlayer.Core\PandaPlayer.Core.csproj", "{0B14C9B2-DC6D-4253-8CB2-5B0958142B0B}"
EndProject
Project("{9A19103F-16F7-4668-BE54-9A1E7A4F7556}") = "PandaPlayer.Shared", "src\PandaPlayer.Shared\PandaPlayer.Shared.csproj", "{D5035D5D-E0B5-4781-8847-62E722D9CAB3}"
EndProject
Project("{9A19103F-16F7-4668-BE54-9A1E7A4F7556}") = "PandaPlayer.Services", "src\PandaPlayer.Services\PandaPlayer.Services.csproj", "{BD7A5163-E5AC-4BE1-B785-F40012C7BC8C}"
EndProject
Project("{9A19103F-16F7-4668-BE54-9A1E7A4F7556}") = "PandaPlayer.UnitTests", "tests\PandaPlayer.UnitTests\PandaPlayer.UnitTests.csproj", "{D0D8A13D-0E14-40A7-AAC7-1932C580CFE7}"
EndProject
Project("{9A19103F-16F7-4668-BE54-9A1E7A4F7556}") = "PandaPlayer.DiscAdder", "src\PandaPlayer.DiscAdder\PandaPlayer.DiscAdder.csproj", "{0B7E7E54-B760-4C1E-90A0-3107117F0317}"
EndProject
Project("{9A19103F-16F7-4668-BE54-9A1E7A4F7556}") = "PandaPlayer.Services.IntegrationTests", "tests\PandaPlayer.Services.IntegrationTests\PandaPlayer.Services.IntegrationTests.csproj", "{805DE3A9-5DF1-49FF-8A5B-44CFA3039EBA}"
EndProject
Project("{9A19103F-16F7-4668-BE54-9A1E7A4F7556}") = "PandaPlayer.Services.UnitTests", "tests\PandaPlayer.Services.UnitTests\PandaPlayer.Services.UnitTests.csproj", "{3B11ACEB-3C34-4506-BA04-43A3483158A0}"
EndProject
Project("{9A19103F-16F7-4668-BE54-9A1E7A4F7556}") = "PandaPlayer.Core.UnitTests", "tests\PandaPlayer.Core.UnitTests\PandaPlayer.Core.UnitTests.csproj", "{F30A1FA0-6663-454F-A117-9A3A21FA4E1A}"
EndProject
Project("{9A19103F-16F7-4668-BE54-9A1E7A4F7556}") = "PandaPlayer.DiscAdder.UnitTests", "tests\PandaPlayer.DiscAdder.UnitTests\PandaPlayer.DiscAdder.UnitTests.csproj", "{45E11BD9-8D8B-454D-BD26-C4D142321841}"
EndProject
Project("{2150E333-8FDC-42A3-9474-1A3956D46DE8}") = "build", "build", "{361A4756-AF84-4E36-9D43-AB02F8904AC8}"
	ProjectSection(SolutionItems) = preProject
		build\build-pipeline.yaml = build\build-pipeline.yaml
	EndProjectSection
EndProject
Global
	GlobalSection(SolutionConfigurationPlatforms) = preSolution
		Debug|Any CPU = Debug|Any CPU
		Release|Any CPU = Release|Any CPU
	EndGlobalSection
	GlobalSection(ProjectConfigurationPlatforms) = postSolution
		{502D59CA-7973-46C9-A2A4-9144C48CBEE4}.Debug|Any CPU.ActiveCfg = Debug|Any CPU
		{502D59CA-7973-46C9-A2A4-9144C48CBEE4}.Debug|Any CPU.Build.0 = Debug|Any CPU
		{502D59CA-7973-46C9-A2A4-9144C48CBEE4}.Release|Any CPU.ActiveCfg = Release|Any CPU
		{502D59CA-7973-46C9-A2A4-9144C48CBEE4}.Release|Any CPU.Build.0 = Release|Any CPU
		{7F368759-572F-41D4-A7FF-1B3898AE3918}.Debug|Any CPU.ActiveCfg = Debug|Any CPU
		{7F368759-572F-41D4-A7FF-1B3898AE3918}.Debug|Any CPU.Build.0 = Debug|Any CPU
		{7F368759-572F-41D4-A7FF-1B3898AE3918}.Release|Any CPU.ActiveCfg = Release|Any CPU
		{7F368759-572F-41D4-A7FF-1B3898AE3918}.Release|Any CPU.Build.0 = Release|Any CPU
		{8E9272FC-0978-42B0-A1B7-8DEC4534724C}.Debug|Any CPU.ActiveCfg = Debug|Any CPU
		{8E9272FC-0978-42B0-A1B7-8DEC4534724C}.Debug|Any CPU.Build.0 = Debug|Any CPU
		{8E9272FC-0978-42B0-A1B7-8DEC4534724C}.Release|Any CPU.ActiveCfg = Release|Any CPU
		{8E9272FC-0978-42B0-A1B7-8DEC4534724C}.Release|Any CPU.Build.0 = Release|Any CPU
		{510E3C70-2733-4586-AA0F-8689C9A88313}.Debug|Any CPU.ActiveCfg = Debug|Any CPU
		{510E3C70-2733-4586-AA0F-8689C9A88313}.Debug|Any CPU.Build.0 = Debug|Any CPU
		{510E3C70-2733-4586-AA0F-8689C9A88313}.Release|Any CPU.ActiveCfg = Release|Any CPU
		{510E3C70-2733-4586-AA0F-8689C9A88313}.Release|Any CPU.Build.0 = Release|Any CPU
		{0B14C9B2-DC6D-4253-8CB2-5B0958142B0B}.Debug|Any CPU.ActiveCfg = Debug|Any CPU
		{0B14C9B2-DC6D-4253-8CB2-5B0958142B0B}.Debug|Any CPU.Build.0 = Debug|Any CPU
		{0B14C9B2-DC6D-4253-8CB2-5B0958142B0B}.Release|Any CPU.ActiveCfg = Release|Any CPU
		{0B14C9B2-DC6D-4253-8CB2-5B0958142B0B}.Release|Any CPU.Build.0 = Release|Any CPU
		{D5035D5D-E0B5-4781-8847-62E722D9CAB3}.Debug|Any CPU.ActiveCfg = Debug|Any CPU
		{D5035D5D-E0B5-4781-8847-62E722D9CAB3}.Debug|Any CPU.Build.0 = Debug|Any CPU
		{D5035D5D-E0B5-4781-8847-62E722D9CAB3}.Release|Any CPU.ActiveCfg = Release|Any CPU
		{D5035D5D-E0B5-4781-8847-62E722D9CAB3}.Release|Any CPU.Build.0 = Release|Any CPU
		{BD7A5163-E5AC-4BE1-B785-F40012C7BC8C}.Debug|Any CPU.ActiveCfg = Debug|Any CPU
		{BD7A5163-E5AC-4BE1-B785-F40012C7BC8C}.Debug|Any CPU.Build.0 = Debug|Any CPU
		{BD7A5163-E5AC-4BE1-B785-F40012C7BC8C}.Release|Any CPU.ActiveCfg = Release|Any CPU
		{BD7A5163-E5AC-4BE1-B785-F40012C7BC8C}.Release|Any CPU.Build.0 = Release|Any CPU
		{D0D8A13D-0E14-40A7-AAC7-1932C580CFE7}.Debug|Any CPU.ActiveCfg = Debug|Any CPU
		{D0D8A13D-0E14-40A7-AAC7-1932C580CFE7}.Debug|Any CPU.Build.0 = Debug|Any CPU
		{D0D8A13D-0E14-40A7-AAC7-1932C580CFE7}.Release|Any CPU.ActiveCfg = Release|Any CPU
		{D0D8A13D-0E14-40A7-AAC7-1932C580CFE7}.Release|Any CPU.Build.0 = Release|Any CPU
		{0B7E7E54-B760-4C1E-90A0-3107117F0317}.Debug|Any CPU.ActiveCfg = Debug|Any CPU
		{0B7E7E54-B760-4C1E-90A0-3107117F0317}.Debug|Any CPU.Build.0 = Debug|Any CPU
		{0B7E7E54-B760-4C1E-90A0-3107117F0317}.Release|Any CPU.ActiveCfg = Release|Any CPU
		{0B7E7E54-B760-4C1E-90A0-3107117F0317}.Release|Any CPU.Build.0 = Release|Any CPU
		{805DE3A9-5DF1-49FF-8A5B-44CFA3039EBA}.Debug|Any CPU.ActiveCfg = Debug|Any CPU
		{805DE3A9-5DF1-49FF-8A5B-44CFA3039EBA}.Debug|Any CPU.Build.0 = Debug|Any CPU
		{805DE3A9-5DF1-49FF-8A5B-44CFA3039EBA}.Release|Any CPU.ActiveCfg = Release|Any CPU
		{805DE3A9-5DF1-49FF-8A5B-44CFA3039EBA}.Release|Any CPU.Build.0 = Release|Any CPU
		{3B11ACEB-3C34-4506-BA04-43A3483158A0}.Debug|Any CPU.ActiveCfg = Debug|Any CPU
		{3B11ACEB-3C34-4506-BA04-43A3483158A0}.Debug|Any CPU.Build.0 = Debug|Any CPU
		{3B11ACEB-3C34-4506-BA04-43A3483158A0}.Release|Any CPU.ActiveCfg = Release|Any CPU
		{3B11ACEB-3C34-4506-BA04-43A3483158A0}.Release|Any CPU.Build.0 = Release|Any CPU
		{F30A1FA0-6663-454F-A117-9A3A21FA4E1A}.Debug|Any CPU.ActiveCfg = Debug|Any CPU
		{F30A1FA0-6663-454F-A117-9A3A21FA4E1A}.Debug|Any CPU.Build.0 = Debug|Any CPU
		{F30A1FA0-6663-454F-A117-9A3A21FA4E1A}.Release|Any CPU.ActiveCfg = Release|Any CPU
		{F30A1FA0-6663-454F-A117-9A3A21FA4E1A}.Release|Any CPU.Build.0 = Release|Any CPU
		{45E11BD9-8D8B-454D-BD26-C4D142321841}.Debug|Any CPU.ActiveCfg = Debug|Any CPU
		{45E11BD9-8D8B-454D-BD26-C4D142321841}.Debug|Any CPU.Build.0 = Debug|Any CPU
		{45E11BD9-8D8B-454D-BD26-C4D142321841}.Release|Any CPU.ActiveCfg = Release|Any CPU
		{45E11BD9-8D8B-454D-BD26-C4D142321841}.Release|Any CPU.Build.0 = Release|Any CPU
	EndGlobalSection
	GlobalSection(SolutionProperties) = preSolution
		HideSolutionNode = FALSE
	EndGlobalSection
	GlobalSection(NestedProjects) = preSolution
		{502D59CA-7973-46C9-A2A4-9144C48CBEE4} = {FB5F9ECA-507D-4FB6-BCD7-80B90A3DD2D6}
		{7F368759-572F-41D4-A7FF-1B3898AE3918} = {FB5F9ECA-507D-4FB6-BCD7-80B90A3DD2D6}
		{8E9272FC-0978-42B0-A1B7-8DEC4534724C} = {EE527A89-5ED8-4502-9785-A7A481C4F971}
		{510E3C70-2733-4586-AA0F-8689C9A88313} = {FB5F9ECA-507D-4FB6-BCD7-80B90A3DD2D6}
		{0B14C9B2-DC6D-4253-8CB2-5B0958142B0B} = {FB5F9ECA-507D-4FB6-BCD7-80B90A3DD2D6}
		{D5035D5D-E0B5-4781-8847-62E722D9CAB3} = {FB5F9ECA-507D-4FB6-BCD7-80B90A3DD2D6}
		{BD7A5163-E5AC-4BE1-B785-F40012C7BC8C} = {FB5F9ECA-507D-4FB6-BCD7-80B90A3DD2D6}
		{D0D8A13D-0E14-40A7-AAC7-1932C580CFE7} = {EE527A89-5ED8-4502-9785-A7A481C4F971}
		{0B7E7E54-B760-4C1E-90A0-3107117F0317} = {FB5F9ECA-507D-4FB6-BCD7-80B90A3DD2D6}
		{805DE3A9-5DF1-49FF-8A5B-44CFA3039EBA} = {EE527A89-5ED8-4502-9785-A7A481C4F971}
		{3B11ACEB-3C34-4506-BA04-43A3483158A0} = {EE527A89-5ED8-4502-9785-A7A481C4F971}
		{F30A1FA0-6663-454F-A117-9A3A21FA4E1A} = {EE527A89-5ED8-4502-9785-A7A481C4F971}
		{45E11BD9-8D8B-454D-BD26-C4D142321841} = {EE527A89-5ED8-4502-9785-A7A481C4F971}
	EndGlobalSection
	GlobalSection(ExtensibilityGlobals) = postSolution
		SolutionGuid = {8FAD434A-F2AF-4138-AB70-749D7D8D4C9D}
	EndGlobalSection
EndGlobal
